
Microsoft Visual Studio Solution File, Format Version 12.00
# Visual Studio 15
VisualStudioVersion = 15.0.26228.4
MinimumVisualStudioVersion = 10.0.40219.1
Project("{2150E333-8FDC-42A3-9474-1A3956D46DE8}") = "src", "src", "{7CB5EAA7-6A21-48DD-995E-8C8BEBBEEC10}"
EndProject
Project("{9A19103F-16F7-4668-BE54-9A1E7A4F7556}") = "Helios.Engine", "src\Helios.Engine\Helios.Engine.csproj", "{5F4E989B-BC5C-4925-A7A7-9DF3E3EDA279}"
EndProject
Project("{9A19103F-16F7-4668-BE54-9A1E7A4F7556}") = "Helios.Domain", "src\Helios.Domain\Helios.Domain.csproj", "{D1CA7CE9-E3EF-43D6-BFE7-7E67B1752517}"
EndProject
Project("{9A19103F-16F7-4668-BE54-9A1E7A4F7556}") = "Helios.Web", "src\Helios.Web\Helios.Web.csproj", "{CDF1C679-5933-4035-B746-7035E94053B3}"
EndProject
Project("{9A19103F-16F7-4668-BE54-9A1E7A4F7556}") = "Helios.Data", "src\Helios.Data\Helios.Data.csproj", "{92F62A39-988E-497C-A56F-30E645954E9F}"
EndProject
Project("{9A19103F-16F7-4668-BE54-9A1E7A4F7556}") = "Helios.ConsoleApp", "src\Helios.ConsoleApp\Helios.ConsoleApp.csproj", "{919925ED-433E-42D5-826E-5E2B6698068E}"
EndProject
Project("{9A19103F-16F7-4668-BE54-9A1E7A4F7556}") = "WebSocketManager", "src\WebSocketManager\WebSocketManager.csproj", "{BF7E6841-266F-454F-A684-9962BE525019}"
EndProject
Project("{9A19103F-16F7-4668-BE54-9A1E7A4F7556}") = "WebSocketManager.Common", "src\WebSocketManager.Common\WebSocketManager.Common.csproj", "{977DF809-73C2-4197-9AAB-3093F07EA90A}"
EndProject
Global
	GlobalSection(SolutionConfigurationPlatforms) = preSolution
		Debug|Any CPU = Debug|Any CPU
		Release|Any CPU = Release|Any CPU
	EndGlobalSection
	GlobalSection(ProjectConfigurationPlatforms) = postSolution
		{5F4E989B-BC5C-4925-A7A7-9DF3E3EDA279}.Debug|Any CPU.ActiveCfg = Debug|Any CPU
		{5F4E989B-BC5C-4925-A7A7-9DF3E3EDA279}.Debug|Any CPU.Build.0 = Debug|Any CPU
		{5F4E989B-BC5C-4925-A7A7-9DF3E3EDA279}.Release|Any CPU.ActiveCfg = Release|Any CPU
		{5F4E989B-BC5C-4925-A7A7-9DF3E3EDA279}.Release|Any CPU.Build.0 = Release|Any CPU
		{D1CA7CE9-E3EF-43D6-BFE7-7E67B1752517}.Debug|Any CPU.ActiveCfg = Debug|Any CPU
		{D1CA7CE9-E3EF-43D6-BFE7-7E67B1752517}.Debug|Any CPU.Build.0 = Debug|Any CPU
		{D1CA7CE9-E3EF-43D6-BFE7-7E67B1752517}.Release|Any CPU.ActiveCfg = Release|Any CPU
		{D1CA7CE9-E3EF-43D6-BFE7-7E67B1752517}.Release|Any CPU.Build.0 = Release|Any CPU
		{CDF1C679-5933-4035-B746-7035E94053B3}.Debug|Any CPU.ActiveCfg = Debug|Any CPU
		{CDF1C679-5933-4035-B746-7035E94053B3}.Debug|Any CPU.Build.0 = Debug|Any CPU
		{CDF1C679-5933-4035-B746-7035E94053B3}.Release|Any CPU.ActiveCfg = Release|Any CPU
		{CDF1C679-5933-4035-B746-7035E94053B3}.Release|Any CPU.Build.0 = Release|Any CPU
		{92F62A39-988E-497C-A56F-30E645954E9F}.Debug|Any CPU.ActiveCfg = Debug|Any CPU
		{92F62A39-988E-497C-A56F-30E645954E9F}.Debug|Any CPU.Build.0 = Debug|Any CPU
		{92F62A39-988E-497C-A56F-30E645954E9F}.Release|Any CPU.ActiveCfg = Release|Any CPU
		{92F62A39-988E-497C-A56F-30E645954E9F}.Release|Any CPU.Build.0 = Release|Any CPU
		{919925ED-433E-42D5-826E-5E2B6698068E}.Debug|Any CPU.ActiveCfg = Debug|Any CPU
		{919925ED-433E-42D5-826E-5E2B6698068E}.Debug|Any CPU.Build.0 = Debug|Any CPU
		{919925ED-433E-42D5-826E-5E2B6698068E}.Release|Any CPU.ActiveCfg = Release|Any CPU
		{919925ED-433E-42D5-826E-5E2B6698068E}.Release|Any CPU.Build.0 = Release|Any CPU
		{BF7E6841-266F-454F-A684-9962BE525019}.Debug|Any CPU.ActiveCfg = Debug|Any CPU
		{BF7E6841-266F-454F-A684-9962BE525019}.Debug|Any CPU.Build.0 = Debug|Any CPU
		{BF7E6841-266F-454F-A684-9962BE525019}.Release|Any CPU.ActiveCfg = Release|Any CPU
		{BF7E6841-266F-454F-A684-9962BE525019}.Release|Any CPU.Build.0 = Release|Any CPU
		{977DF809-73C2-4197-9AAB-3093F07EA90A}.Debug|Any CPU.ActiveCfg = Debug|Any CPU
		{977DF809-73C2-4197-9AAB-3093F07EA90A}.Debug|Any CPU.Build.0 = Debug|Any CPU
		{977DF809-73C2-4197-9AAB-3093F07EA90A}.Release|Any CPU.ActiveCfg = Release|Any CPU
		{977DF809-73C2-4197-9AAB-3093F07EA90A}.Release|Any CPU.Build.0 = Release|Any CPU
	EndGlobalSection
	GlobalSection(SolutionProperties) = preSolution
		HideSolutionNode = FALSE
	EndGlobalSection
	GlobalSection(NestedProjects) = preSolution
		{5F4E989B-BC5C-4925-A7A7-9DF3E3EDA279} = {7CB5EAA7-6A21-48DD-995E-8C8BEBBEEC10}
	EndGlobalSection
EndGlobal
